# This file is automatically @generated by Cargo.
# It is not intended for manual editing.
version = 3

[[package]]
name = "blobby"
version = "0.3.1"
dependencies = [
 "hex",
]

[[package]]
name = "block-buffer"
version = "0.11.0-pre.1"
dependencies = [
 "crypto-common",
 "hex-literal 0.4.1 (registry+https://github.com/rust-lang/crates.io-index)",
 "zeroize 1.6.0",
]

[[package]]
name = "block-padding"
version = "0.4.0-pre.1"
dependencies = [
 "hybrid-array 0.2.0-pre.6 (registry+https://github.com/rust-lang/crates.io-index)",
]

[[package]]
name = "cmov"
version = "0.3.1"

[[package]]
name = "collectable"
version = "0.0.2"

[[package]]
name = "cpufeatures"
version = "0.2.11"
dependencies = [
 "libc",
]

[[package]]
name = "crypto-common"
version = "0.2.0-pre.1"
source = "registry+https://github.com/rust-lang/crates.io-index"
checksum = "47bf010313404f942f7da6931d00bd455bb4c36c36c9d4dd9497b5ac316f6fe1"
dependencies = [
 "hybrid-array 0.2.0-pre.6 (registry+https://github.com/rust-lang/crates.io-index)",
]

[[package]]
name = "dbl"
version = "0.4.0-pre"
dependencies = [
 "hybrid-array 0.2.0-pre.6 (registry+https://github.com/rust-lang/crates.io-index)",
]

[[package]]
name = "fiat-constify"
version = "0.0.0"
dependencies = [
 "prettyplease",
 "proc-macro2",
 "quote",
 "syn",
]

[[package]]
name = "hex"
version = "0.4.3"
source = "registry+https://github.com/rust-lang/crates.io-index"
checksum = "7f24254aa9a54b5c858eaee2f5bccdb46aaf0e486a595ed5fd8f86ba55232a70"

[[package]]
name = "hex-literal"
version = "0.4.1"

[[package]]
name = "hex-literal"
version = "0.4.1"
source = "registry+https://github.com/rust-lang/crates.io-index"
checksum = "6fe2267d4ed49bc07b63801559be28c718ea06c4738b7a03c94df7386d2cde46"

[[package]]
name = "hybrid-array"
version = "0.2.0-pre.6"
dependencies = [
 "typenum",
 "zeroize 1.7.0",
]

[[package]]
name = "hybrid-array"
version = "0.2.0-pre.6"
source = "registry+https://github.com/rust-lang/crates.io-index"
checksum = "7f148d5add3c53ebf18452f556b0437d3d5c4540f34eb7b80c5ad4b54632c4e2"
dependencies = [
 "typenum",
]

[[package]]
name = "inout"
version = "0.2.0-pre"
dependencies = [
 "block-padding",
 "hybrid-array 0.2.0-pre.6 (registry+https://github.com/rust-lang/crates.io-index)",
]

[[package]]
name = "itoa"
version = "1.0.9"
source = "registry+https://github.com/rust-lang/crates.io-index"
checksum = "af150ab688ff2122fcef229be89cb50dd66af9e01a4ff320cc137eecc9bacc38"

[[package]]
name = "libc"
version = "0.2.149"
source = "registry+https://github.com/rust-lang/crates.io-index"
checksum = "a08173bc88b7955d1b3145aa561539096c421ac8debde8cbc3612ec635fee29b"

[[package]]
name = "opaque-debug"
version = "0.3.0"

[[package]]
name = "prettyplease"
version = "0.2.15"
source = "registry+https://github.com/rust-lang/crates.io-index"
checksum = "ae005bd773ab59b4725093fd7df83fd7892f7d8eafb48dbd7de6e024e4215f9d"
dependencies = [
 "proc-macro2",
 "syn",
]

[[package]]
name = "proc-macro2"
version = "1.0.69"
source = "registry+https://github.com/rust-lang/crates.io-index"
checksum = "134c189feb4956b20f6f547d2cf727d4c0fe06722b20a0eec87ed445a97f92da"
dependencies = [
 "unicode-ident",
]

[[package]]
name = "quote"
version = "1.0.33"
source = "registry+https://github.com/rust-lang/crates.io-index"
checksum = "5267fca4496028628a95160fc423a33e8b2e6af8a5302579e322e4b520293cae"
dependencies = [
 "proc-macro2",
]

[[package]]
name = "ryu"
version = "1.0.15"
source = "registry+https://github.com/rust-lang/crates.io-index"
checksum = "1ad4cc8da4ef723ed60bced201181d83791ad433213d8c24efffda1eec85d741"

[[package]]
name = "serde"
version = "1.0.190"
source = "registry+https://github.com/rust-lang/crates.io-index"
checksum = "91d3c334ca1ee894a2c6f6ad698fe8c435b76d504b13d436f0685d648d6d96f7"
dependencies = [
 "serde_derive",
]

[[package]]
name = "serde_derive"
version = "1.0.190"
source = "registry+https://github.com/rust-lang/crates.io-index"
checksum = "67c5609f394e5c2bd7fc51efda478004ea80ef42fee983d5c67a65e34f32c0e3"
dependencies = [
 "proc-macro2",
 "quote",
 "syn",
]

[[package]]
name = "serde_json"
version = "1.0.107"
source = "registry+https://github.com/rust-lang/crates.io-index"
checksum = "6b420ce6e3d8bd882e9b243c6eed35dbc9a6110c9769e74b584e0d68d1f20c65"
dependencies = [
 "itoa",
 "ryu",
 "serde",
]

[[package]]
name = "syn"
version = "2.0.38"
source = "registry+https://github.com/rust-lang/crates.io-index"
checksum = "e96b79aaa137db8f61e26363a0c9b47d8b4ec75da28b7d1d614c2303e232408b"
dependencies = [
 "proc-macro2",
 "quote",
 "unicode-ident",
]

[[package]]
name = "typenum"
version = "1.17.0"
source = "registry+https://github.com/rust-lang/crates.io-index"
checksum = "42ff0bf0c66b8238c6f3b578df37d0b7848e55df8577b3f74f92a69acceeb825"

[[package]]
name = "unicode-ident"
version = "1.0.12"
source = "registry+https://github.com/rust-lang/crates.io-index"
checksum = "3354b9ac3fae1ff6755cb6db53683adb661634f67557942dea4facebec0fee4b"

[[package]]
name = "wycheproof2blb"
version = "0.1.0"
dependencies = [
 "blobby",
 "hex",
 "serde",
 "serde_json",
]

[[package]]
name = "zeroize"
version = "1.6.0"
source = "registry+https://github.com/rust-lang/crates.io-index"
checksum = "2a0956f1ba7c7909bfb66c2e9e4124ab6f6482560f6628b5aaeba39207c9aad9"

[[package]]
name = "zeroize"
version = "1.7.0"
dependencies = [
 "serde",
 "zeroize_derive",
]

[[package]]
name = "zeroize_derive"
version = "1.4.2"
dependencies = [
 "proc-macro2",
 "quote",
 "syn",
]
