# This file is automatically @generated by Cargo.
# It is not intended for manual editing.
version = 4

[[package]]
name = "aarch64-dit"
version = "0.2.0-pre"
dependencies = [
 "cpufeatures",
]

[[package]]
name = "cpufeatures"
version = "0.3.0-pre"
dependencies = [
 "libc",
]

[[package]]
name = "libc"
version = "0.2.169"
source = "registry+https://github.com/rust-lang/crates.io-index"
checksum = "b5aba8db14291edd000dfcc4d620c7ebfb122c613afb886ca8803fa4e128a20a"
