# This file is automatically @generated by Cargo.
# It is not intended for manual editing.
version = 3

[[package]]
name = "aarch64-dit"
version = "0.1.0"
dependencies = [
 "cpufeatures",
]

[[package]]
name = "cpufeatures"
version = "0.2.15"
dependencies = [
 "libc",
]

[[package]]
name = "libc"
version = "0.2.163"
source = "registry+https://github.com/rust-lang/crates.io-index"
checksum = "1fdaeca4cf44ed4ac623e86ef41f056e848dbeab7ec043ecb7326ba300b36fd0"
